{
  "schema": 1,
  "arch": "arm64",
  "tools": [
    { "name": "fzf", "version": "0.74.3", "license": "MIT",
      "url": "https://github.com/junegunn/fzf/archive/refs/tags/v0.74.3.tar.gz",
      "sha256": "5b142217c3068647a7d8faa9c678cffada100b5f11a48609aa79c94ce04b28ef",
      "archive": "go-src", "extract": "fzf-0.74.3", "bundlePath": "Contents/Helpers/fzf", "exec": ["Contents/Helpers/fzf"],
      "exposeByDefault": false, "entitlements": "none", "status": "bundled", "kind": "helper" },
    { "name": "jq", "version": "1.8.2", "license": "MIT",
      "url": "https://github.com/jqlang/jq/releases/download/jq-1.8.2/jq-macos-arm64",
      "sha256": "2d75340ba57a4b4b4c8708a21c2dc8e958a48aaa8bba13b27f77f6e4c0eca07e",
      "archive": "raw", "extract": "", "bundlePath": "Contents/Helpers/jq", "exec": ["Contents/Helpers/jq"],
      "exposeByDefault": false, "entitlements": "none", "status": "bundled", "kind": "helper" },
    { "name": "age-keygen", "version": "1.3.1", "license": "BSD-3-Clause",
      "url": "https://github.com/FiloSottile/age/releases/download/v1.3.1/age-v1.3.1-darwin-arm64.tar.gz",
      "sha256": "01120ea2cbf0463d4c6bd767f99f3271bbed1cdc8a9aa718a76ba1fe4f01998b",
      "archive": "tar.gz", "extract": "age/age-keygen", "bundlePath": "Contents/Helpers/age-keygen", "exec": ["Contents/Helpers/age-keygen"],
      "exposeByDefault": false, "entitlements": "none", "status": "bundled", "kind": "helper" },
    { "name": "sops", "version": "3.13.3", "license": "Apache-2.0",
      "url": "https://github.com/getsops/sops/releases/download/v3.13.3/sops-v3.13.3.darwin.arm64",
      "sha256": "b97c0d434aab577dc40310e8d22ff9e45eef4c80638ab978daae9b4681c59286",
      "archive": "raw", "extract": "", "bundlePath": "Contents/Helpers/sops", "exec": ["Contents/Helpers/sops"],
      "exposeByDefault": false, "entitlements": "none", "status": "bundled", "kind": "helper" },
    { "name": "gh", "version": "2.98.0", "license": "MIT",
      "url": "https://github.com/cli/cli/releases/download/v2.98.0/gh_2.98.0_macOS_arm64.zip",
      "sha256": "8cfb027cc5310675f2b830eac8f9865c1155a45ffcf9757f699fdd5a22046ca4",
      "archive": "zip", "extract": "gh_2.98.0_macOS_arm64/bin/gh", "bundlePath": "Contents/Helpers/gh", "exec": ["Contents/Helpers/gh"],
      "exposeByDefault": false, "entitlements": "none", "status": "bundled", "kind": "helper" },
    { "name": "glab", "version": "1.114.0", "license": "MIT",
      "url": "https://gitlab.com/api/v4/projects/gitlab-org%2Fcli/packages/generic/glab/1.114.0/glab_1.114.0_darwin_arm64.tar.gz",
      "sha256": "d60d76cc0176cd7e7efe9c9fae0e57979048dad78fdd24903ba986ded1c82a01",
      "archive": "tar.gz", "extract": "bin/glab", "bundlePath": "Contents/Helpers/glab", "exec": ["Contents/Helpers/glab"],
      "exposeByDefault": false, "entitlements": "none", "status": "bundled", "kind": "helper" },
    { "name": "bun", "version": "1.3.13", "license": "MIT",
      "url": "https://github.com/oven-sh/bun/releases/download/bun-v1.3.13/bun-darwin-aarch64.zip",
      "sha256": "5467e3f65dba526b9fea98f0cce04efafc0c63e169733ec27b876a3ad32da190",
      "archive": "zip", "extract": "bun-darwin-aarch64/bun", "bundlePath": "Contents/Helpers/bun", "exec": ["Contents/Helpers/bun"],
      "exposeByDefault": false, "entitlements": "jit", "status": "bundled", "kind": "helper" },
    { "name": "node", "version": "24.19.0", "license": "MIT",
      "url": "https://nodejs.org/dist/v24.19.0/node-v24.19.0-darwin-arm64.tar.gz",
      "sha256": "8294b7aa9b03997481c06babf1e8b270c859358f27da57a11509afe537ac381d",
      "archive": "tar.gz", "extract": "node-v24.19.0-darwin-arm64", "bundlePath": "Contents/Helpers/node", "exec": ["Contents/Helpers/node/bin/node"],
      "exposeByDefault": false, "entitlements": "jit", "status": "bundled", "kind": "helper" },
    { "name": "fast-browser", "version": "0.1.0-alpha.17", "license": "MIT",
      "url": "https://registry.npmjs.org/@mattstack/fast-browser/-/fast-browser-0.1.0-alpha.17.tgz",
      "sha256": "6b21e9579de7077d93cd6edb4e1d8c4be52de8fa8e133c3832b08e5512a5d5d0",
      "archive": "npm", "extract": "package", "bundlePath": "Contents/Helpers/fast-browser",
      "exec": ["Contents/Helpers/node/bin/node", "Contents/Helpers/fast-browser/bin/fast-browser.mjs"],
      "exposeByDefault": true, "entitlements": "none", "status": "bundled", "kind": "helper" },
    { "name": "deck", "version": "1.0.1", "license": "MIT", "repo": "m4ttstack/deck", "url": "https://github.com/m4ttstack/deck/releases/download/v1.0.1/deck-darwin-arm64.tgz", "sha256": "4445a76b61400c0c3c6c07216bc38817730bbf65ce5b186a6f953fba8a36db5a",
      "archive": "tar.gz", "extract": "deck", "bundlePath": "Contents/Helpers/deck", "exec": ["Contents/Helpers/deck"],
      "exposeByDefault": true, "entitlements": "jit", "status": "bundled", "kind": "helper" },
    { "name": "board", "version": "0.1.3", "license": "MIT", "repo": "m4ttstack/board", "url": "https://github.com/m4ttstack/board/releases/download/v0.1.3/board-darwin-arm64.tgz", "sha256": "59aa71a1a23ff20e148ef2037890db9acf5ef047ceeda29a4b63f188ef026754",
      "archive": "tar.gz", "extract": "board", "bundlePath": "Contents/Helpers/board", "exec": ["Contents/Helpers/board"],
      "exposeByDefault": false, "entitlements": "jit", "status": "bundled", "kind": "helper" },
    { "name": "gitq", "version": "0.2.1", "license": "MIT", "repo": "m4ttstack/gitq",
      "url": "https://github.com/m4ttstack/gitq/releases/download/v0.2.1/gitq-darwin-arm64",
      "sha256": "f3ecf6ba8bb51141e23cb818cd8a6aa36fdd60b304c8f0621902ee0a1fa228de",
      "archive": "raw", "extract": "", "bundlePath": "Contents/Helpers/gitq",
      "exec": ["Contents/Helpers/gitq"],
      "exposeByDefault": true, "entitlements": "jit", "status": "bundled", "kind": "helper" },
    { "name": "console", "version": "0.1.0", "license": "MIT", "repo": "m4ttstack/console", "url": "https://github.com/m4ttstack/console/releases/download/v0.1.0/console-darwin-arm64.tgz", "sha256": "37382574f0d571f7748bae5feb97939f91af6f8f32eb43493673ffb28dcf5544",
      "archive": "tar.gz", "extract": "console", "bundlePath": "Contents/Helpers/console", "exec": ["Contents/Helpers/console"],
      "exposeByDefault": false, "entitlements": "jit", "status": "bundled", "kind": "helper" },
    { "name": "chat", "version": "0.1.0", "license": "MIT", "repo": "m4ttstack/chat", "url": "https://github.com/m4ttstack/chat/releases/download/v0.1.0/chat-darwin-arm64.tgz", "sha256": "1a5c6a7f8573c25b4429a04464d106d7b8f43275e87482a9d0e51357aeeabb87",
      "archive": "tar.gz", "extract": "chat", "bundlePath": "Contents/Helpers/chat", "exec": ["Contents/Helpers/chat"],
      "exposeByDefault": false, "entitlements": "jit", "status": "bundled", "kind": "helper" },
    { "name": "cloudflared", "version": "2026.8.3", "license": "Apache-2.0",
      "url": "https://github.com/cloudflare/cloudflared/releases/download/2026.8.3/cloudflared-darwin-arm64.tgz",
      "sha256": "40c9144d86df8937c5b43293a1f7d2d2107029aa74725023dd46b1b27154352f",
      "archive": "tar.gz", "extract": "cloudflared", "bundlePath": "Contents/Helpers/cloudflared",
      "exec": ["Contents/Helpers/cloudflared"],
      "exposeByDefault": false, "entitlements": "none", "status": "bundled", "kind": "helper" },
    { "name": "mattstack-proxy-install", "version": "", "license": "MIT", "url": "", "sha256": "",
      "archive": "raw", "extract": "", "bundlePath": "Contents/Helpers/mattstack-proxy-install", "exec": ["Contents/Helpers/mattstack-proxy-install"],
      "exposeByDefault": false, "entitlements": "none", "status": "pending", "kind": "helper" },
    { "name": "sparkle", "version": "2.9.6", "license": "MIT",
      "url": "https://github.com/sparkle-project/Sparkle/releases/download/2.9.6/Sparkle-2.9.6.tar.xz",
      "sha256": "52bf9e88cdd972fc0c81501377a880e90d47031bd8ca5462488f843e2609e192",
      "archive": "tar.xz", "extract": "", "bundlePath": "tools/sparkle", "exec": ["tools/sparkle/bin/generate_appcast"],
      "exposeByDefault": false, "entitlements": "none", "status": "bundled", "kind": "buildtool" },
    { "name": "sparkle-xcframework", "version": "2.9.6", "license": "MIT",
      "url": "https://github.com/sparkle-project/Sparkle/releases/download/2.9.6/Sparkle-for-Swift-Package-Manager.zip",
      "sha256": "8d5fb41d960b43f4a68aa14126bf62b098544ec8d191cdcc73eb14e63a8e7606",
      "archive": "zip", "extract": "Sparkle.xcframework", "bundlePath": "tools/sparkle-xcframework/Sparkle.xcframework",
      "exec": ["tools/sparkle-xcframework/Sparkle.xcframework/macos-arm64_x86_64/Sparkle.framework/Sparkle"],
      "exposeByDefault": false, "entitlements": "none", "status": "bundled", "kind": "buildtool" }
  ]
}
