{
  "schema": 1,
  "arch": "arm64",
  "tools": [
    { "name": "jq", "version": "1.8.2", "license": "MIT",
      "url": "https://github.com/jqlang/jq/releases/download/jq-1.8.2/jq-macos-arm64",
      "sha256": "2d75340ba57a4b4b4c8708a21c2dc8e958a48aaa8bba13b27f77f6e4c0eca07e",
      "archive": "raw", "extract": "", "bundlePath": "Contents/Helpers/jq", "exec": ["Contents/Helpers/jq"],
      "exposeByDefault": false, "entitlements": "none", "status": "bundled", "kind": "helper" },
    { "name": "age-keygen", "version": "1.3.1", "license": "BSD-3-Clause",
      "url": "https://github.com/FiloSottile/age/releases/download/v1.3.1/age-v1.3.1-darwin-arm64.tar.gz",
      "sha256": "01120ea2cbf0463d4c6bd767f99f3271bbed1cdc8a9aa718a76ba1fe4f01998b",
      "archive": "tar.gz", "extract": "age/age-keygen", "bundlePath": "Contents/Helpers/age-keygen", "exec": ["Contents/Helpers/age-keygen"],
      "exposeByDefault": false, "entitlements": "none", "status": "bundled", "kind": "helper" },
    { "name": "age", "version": "1.3.1", "license": "BSD-3-Clause",
      "url": "https://github.com/FiloSottile/age/releases/download/v1.3.1/age-v1.3.1-darwin-arm64.tar.gz",
      "sha256": "01120ea2cbf0463d4c6bd767f99f3271bbed1cdc8a9aa718a76ba1fe4f01998b",
      "archive": "tar.gz", "extract": "age/age", "bundlePath": "Contents/Helpers/age", "exec": ["Contents/Helpers/age"],
      "exposeByDefault": false, "entitlements": "none", "status": "bundled", "kind": "helper" },
    { "name": "zstd", "version": "1.5.7", "license": "BSD-3-Clause",
      "url": "https://github.com/facebook/zstd/releases/download/v1.5.7/zstd-1.5.7.tar.gz",
      "sha256": "eb33e51f49a15e023950cd7825ca74a4a2b43db8354825ac24fc1b7ee09e6fa3",
      "archive": "make-src", "extract": "zstd-1.5.7", "bundlePath": "Contents/Helpers/zstd", "exec": ["Contents/Helpers/zstd"],
      "exposeByDefault": false, "entitlements": "none", "status": "bundled", "kind": "helper" },
    { "name": "git-lfs", "version": "3.8.0", "license": "MIT",
      "url": "https://github.com/git-lfs/git-lfs/releases/download/v3.8.0/git-lfs-darwin-arm64-v3.8.0.zip",
      "sha256": "caff76a7d070d8160c89bc39b6e85d98f24135b6fed038a3b4de2590d25102d8",
      "archive": "zip", "extract": "git-lfs-3.8.0/git-lfs", "bundlePath": "Contents/Helpers/git-lfs", "exec": ["Contents/Helpers/git-lfs"],
      "exposeByDefault": false, "entitlements": "none", "status": "bundled", "kind": "helper" },
    { "name": "sops", "version": "3.13.3", "license": "Apache-2.0",
      "url": "https://github.com/getsops/sops/releases/download/v3.13.3/sops-v3.13.3.darwin.arm64",
      "sha256": "b97c0d434aab577dc40310e8d22ff9e45eef4c80638ab978daae9b4681c59286",
      "archive": "raw", "extract": "", "bundlePath": "Contents/Helpers/sops", "exec": ["Contents/Helpers/sops"],
      "exposeByDefault": false, "entitlements": "none", "status": "bundled", "kind": "helper" },
    { "name": "gh", "version": "2.98.0", "license": "MIT",
      "url": "https://github.com/cli/cli/releases/download/v2.98.0/gh_2.98.0_macOS_arm64.zip",
      "sha256": "8cfb027cc5310675f2b830eac8f9865c1155a45ffcf9757f699fdd5a22046ca4",
      "archive": "zip", "extract": "gh_2.98.0_macOS_arm64/bin/gh", "bundlePath": "Contents/Helpers/gh", "exec": ["Contents/Helpers/gh"],
      "exposeByDefault": false, "entitlements": "none", "status": "bundled", "kind": "helper" },
    { "name": "glab", "version": "1.114.0", "license": "MIT",
      "url": "https://gitlab.com/api/v4/projects/gitlab-org%2Fcli/packages/generic/glab/1.114.0/glab_1.114.0_darwin_arm64.tar.gz",
      "sha256": "d60d76cc0176cd7e7efe9c9fae0e57979048dad78fdd24903ba986ded1c82a01",
      "archive": "tar.gz", "extract": "bin/glab", "bundlePath": "Contents/Helpers/glab", "exec": ["Contents/Helpers/glab"],
      "exposeByDefault": false, "entitlements": "none", "status": "bundled", "kind": "helper" },
    { "name": "bun", "version": "1.4.2", "license": "MIT",
      "url": "https://github.com/oven-sh/bun/releases/download/bun-v1.4.2/bun-darwin-aarch64.zip",
      "sha256": "90987a3a16d7db556d886ac3d551e7b6d3edf0a1cf43acaed622e8676be1d12f",
      "archive": "zip", "extract": "bun-darwin-aarch64/bun", "bundlePath": "Contents/Helpers/bun", "exec": ["Contents/Helpers/bun"],
      "exposeByDefault": false, "entitlements": "jit", "status": "bundled", "kind": "helper" },
    { "name": "node", "version": "24.19.0", "license": "MIT",
      "url": "https://nodejs.org/dist/v24.19.0/node-v24.19.0-darwin-arm64.tar.gz",
      "sha256": "8294b7aa9b03997481c06babf1e8b270c859358f27da57a11509afe537ac381d",
      "archive": "tar.gz", "extract": "node-v24.19.0-darwin-arm64", "bundlePath": "Contents/Helpers/node", "exec": ["Contents/Helpers/node/bin/node"],
      "exposeByDefault": false, "entitlements": "jit", "status": "bundled", "kind": "helper" },
    { "name": "fast-browser", "version": "0.1.5", "license": "MIT",
      "url": "https://registry.npmjs.org/@mattstack/fast-browser/-/fast-browser-0.1.5.tgz",
      "sha256": "6407e95a99393b5a8957afa9fd193cd32da8623644f303a5762723117a60b78a",
      "archive": "npm", "extract": "package", "bundlePath": "Contents/Helpers/fast-browser",
      "exec": ["Contents/Helpers/node/bin/node", "Contents/Helpers/fast-browser/bin/fast-browser.mjs"],
      "exposeByDefault": true, "entitlements": "none", "status": "bundled", "kind": "helper" },
    { "name": "deck", "version": "1.0.7", "license": "MIT", "repo": "m4ttstack/apps", "subdir": "apps/deck", "url": "https://github.com/m4ttstack/apps/releases/download/deck-v1.0.7/deck-darwin-arm64.tgz", "sha256": "436b3fe6cd66a666af0e06715474adb6ec386f93440a455be9544822fbf4606f",
      "archive": "tar.gz", "extract": "deck", "bundlePath": "Contents/Helpers/deck", "exec": ["Contents/Helpers/deck"],
      "exposeByDefault": true, "entitlements": "jit", "status": "bundled", "kind": "helper" },
    { "name": "board", "version": "0.1.4", "license": "MIT", "repo": "m4ttstack/apps", "subdir": "apps/board", "url": "https://github.com/m4ttstack/apps/releases/download/board-v0.1.4/board-darwin-arm64.tgz", "sha256": "6f7f072176e7a6153a52324905ee62b2f8a4b4b9c14d624fece2d1b0644b3b2d",
      "archive": "tar.gz", "extract": "board", "bundlePath": "Contents/Helpers/board", "exec": ["Contents/Helpers/board"],
      "exposeByDefault": false, "entitlements": "jit", "status": "bundled", "kind": "helper" },
    { "name": "gitq", "version": "0.2.1", "license": "MIT", "repo": "m4ttstack/gitq",
      "url": "https://github.com/m4ttstack/gitq/releases/download/v0.2.1/gitq-darwin-arm64",
      "sha256": "f3ecf6ba8bb51141e23cb818cd8a6aa36fdd60b304c8f0621902ee0a1fa228de",
      "archive": "raw", "extract": "", "bundlePath": "Contents/Helpers/gitq",
      "exec": ["Contents/Helpers/gitq"],
      "exposeByDefault": true, "entitlements": "jit", "status": "bundled", "kind": "helper" },
    { "name": "console", "version": "0.1.1", "license": "MIT", "repo": "m4ttstack/apps", "subdir": "apps/console", "url": "https://github.com/m4ttstack/apps/releases/download/console-v0.1.1/console-darwin-arm64.tgz", "sha256": "5dd1bafb98f6f9097e082882eddc958d68445980425f4eb1f3be25e439f72820",
      "archive": "tar.gz", "extract": "console", "bundlePath": "Contents/Helpers/console", "exec": ["Contents/Helpers/console"],
      "exposeByDefault": false, "entitlements": "jit", "status": "bundled", "kind": "helper" },
    { "name": "chat", "version": "0.1.1", "license": "MIT", "repo": "m4ttstack/apps", "subdir": "apps/chat", "url": "https://github.com/m4ttstack/apps/releases/download/chat-v0.1.1/chat-darwin-arm64.tgz", "sha256": "b2763db377c685ba50386bf843d72eaf33115aa702c9d2f177e5451b9c5edefd",
      "archive": "tar.gz", "extract": "chat", "bundlePath": "Contents/Helpers/chat", "exec": ["Contents/Helpers/chat"],
      "exposeByDefault": false, "entitlements": "jit", "status": "bundled", "kind": "helper" },
    { "name": "cloudflared", "version": "2026.8.3", "license": "Apache-2.0",
      "url": "https://github.com/cloudflare/cloudflared/releases/download/2026.8.3/cloudflared-darwin-arm64.tgz",
      "sha256": "40c9144d86df8937c5b43293a1f7d2d2107029aa74725023dd46b1b27154352f",
      "archive": "tar.gz", "extract": "cloudflared", "bundlePath": "Contents/Helpers/cloudflared",
      "exec": ["Contents/Helpers/cloudflared"],
      "exposeByDefault": false, "entitlements": "none", "status": "bundled", "kind": "helper" },
    { "name": "portless", "version": "0.15.6", "license": "MIT",
      "url": "https://registry.npmjs.org/portless/-/portless-0.15.6.tgz",
      "sha256": "48f15e5d63c47784534dd95eb5201e7e658ce43eae1b7ab960d34b6d67b9548a",
      "archive": "npm", "extract": "package", "bundlePath": "Contents/Helpers/portless-dist", "exec": ["Contents/Helpers/node/bin/node", "Contents/Helpers/portless-dist/dist/cli.js"],
      "exposeByDefault": false, "entitlements": "none", "status": "bundled", "kind": "helper" },
    { "name": "sparkle", "version": "2.9.6", "license": "MIT",
      "url": "https://github.com/sparkle-project/Sparkle/releases/download/2.9.6/Sparkle-2.9.6.tar.xz",
      "sha256": "52bf9e88cdd972fc0c81501377a880e90d47031bd8ca5462488f843e2609e192",
      "archive": "tar.xz", "extract": "", "bundlePath": "tools/sparkle", "exec": ["tools/sparkle/bin/generate_appcast"],
      "exposeByDefault": false, "entitlements": "none", "status": "bundled", "kind": "buildtool" },
    { "name": "sparkle-xcframework", "version": "2.9.6", "license": "MIT",
      "url": "https://github.com/sparkle-project/Sparkle/releases/download/2.9.6/Sparkle-for-Swift-Package-Manager.zip",
      "sha256": "8d5fb41d960b43f4a68aa14126bf62b098544ec8d191cdcc73eb14e63a8e7606",
      "archive": "zip", "extract": "Sparkle.xcframework", "bundlePath": "tools/sparkle-xcframework/Sparkle.xcframework",
      "exec": ["tools/sparkle-xcframework/Sparkle.xcframework/macos-arm64_x86_64/Sparkle.framework/Sparkle"],
      "exposeByDefault": false, "entitlements": "none", "status": "bundled", "kind": "buildtool" }
  ]
}
