{
  "schema": 1,
  "arch": "arm64",
  "tools": [
    { "name": "fzf", "version": "0.74.3", "license": "MIT",
      "url": "https://github.com/junegunn/fzf/archive/refs/tags/v0.74.3.tar.gz",
      "sha256": "5b142217c3068647a7d8faa9c678cffada100b5f11a48609aa79c94ce04b28ef",
      "archive": "go-src", "extract": "fzf-0.74.3", "bundlePath": "Contents/Helpers/fzf", "exec": ["Contents/Helpers/fzf"],
      "exposeByDefault": false, "entitlements": "none", "status": "bundled", "kind": "helper" },
    { "name": "jq", "version": "1.8.2", "license": "MIT",
      "url": "https://github.com/jqlang/jq/releases/download/jq-1.8.2/jq-macos-arm64",
      "sha256": "2d75340ba57a4b4b4c8708a21c2dc8e958a48aaa8bba13b27f77f6e4c0eca07e",
      "archive": "raw", "extract": "", "bundlePath": "Contents/Helpers/jq", "exec": ["Contents/Helpers/jq"],
      "exposeByDefault": false, "entitlements": "none", "status": "bundled", "kind": "helper" },
    { "name": "age-keygen", "version": "1.3.1", "license": "BSD-3-Clause",
      "url": "https://github.com/FiloSottile/age/releases/download/v1.3.1/age-v1.3.1-darwin-arm64.tar.gz",
      "sha256": "01120ea2cbf0463d4c6bd767f99f3271bbed1cdc8a9aa718a76ba1fe4f01998b",
      "archive": "tar.gz", "extract": "age/age-keygen", "bundlePath": "Contents/Helpers/age-keygen", "exec": ["Contents/Helpers/age-keygen"],
      "exposeByDefault": false, "entitlements": "none", "status": "bundled", "kind": "helper" },
    { "name": "sops", "version": "3.13.3", "license": "Apache-2.0",
      "url": "https://github.com/getsops/sops/releases/download/v3.13.3/sops-v3.13.3.darwin.arm64",
      "sha256": "b97c0d434aab577dc40310e8d22ff9e45eef4c80638ab978daae9b4681c59286",
      "archive": "raw", "extract": "", "bundlePath": "Contents/Helpers/sops", "exec": ["Contents/Helpers/sops"],
      "exposeByDefault": false, "entitlements": "none", "status": "bundled", "kind": "helper" },
    { "name": "gh", "version": "2.98.0", "license": "MIT",
      "url": "https://github.com/cli/cli/releases/download/v2.98.0/gh_2.98.0_macOS_arm64.zip",
      "sha256": "8cfb027cc5310675f2b830eac8f9865c1155a45ffcf9757f699fdd5a22046ca4",
      "archive": "zip", "extract": "gh_2.98.0_macOS_arm64/bin/gh", "bundlePath": "Contents/Helpers/gh", "exec": ["Contents/Helpers/gh"],
      "exposeByDefault": false, "entitlements": "none", "status": "bundled", "kind": "helper" },
    { "name": "glab", "version": "1.114.0", "license": "MIT",
      "url": "https://gitlab.com/api/v4/projects/gitlab-org%2Fcli/packages/generic/glab/1.114.0/glab_1.114.0_darwin_arm64.tar.gz",
      "sha256": "d60d76cc0176cd7e7efe9c9fae0e57979048dad78fdd24903ba986ded1c82a01",
      "archive": "tar.gz", "extract": "bin/glab", "bundlePath": "Contents/Helpers/glab", "exec": ["Contents/Helpers/glab"],
      "exposeByDefault": false, "entitlements": "none", "status": "bundled", "kind": "helper" },
    { "name": "bun", "version": "1.3.13", "license": "MIT",
      "url": "https://github.com/oven-sh/bun/releases/download/bun-v1.3.13/bun-darwin-aarch64.zip",
      "sha256": "5467e3f65dba526b9fea98f0cce04efafc0c63e169733ec27b876a3ad32da190",
      "archive": "zip", "extract": "bun-darwin-aarch64/bun", "bundlePath": "Contents/Helpers/bun", "exec": ["Contents/Helpers/bun"],
      "exposeByDefault": false, "entitlements": "jit", "status": "bundled", "kind": "helper" },
    { "name": "node", "version": "24.19.0", "license": "MIT",
      "url": "https://nodejs.org/dist/v24.19.0/node-v24.19.0-darwin-arm64.tar.gz",
      "sha256": "8294b7aa9b03997481c06babf1e8b270c859358f27da57a11509afe537ac381d",
      "archive": "tar.gz", "extract": "node-v24.19.0-darwin-arm64", "bundlePath": "Contents/Helpers/node", "exec": ["Contents/Helpers/node/bin/node"],
      "exposeByDefault": false, "entitlements": "jit", "status": "bundled", "kind": "helper" },
    { "name": "fast-browser", "version": "0.1.0-alpha.15", "license": "MIT",
      "url": "https://registry.npmjs.org/@mattstack/fast-browser/-/fast-browser-0.1.0-alpha.15.tgz",
      "sha256": "549b7dd7a4ab3a14aadce65d5cdace6f22f0e61d7e567e7a718cc4b7c7348d2e",
      "archive": "npm", "extract": "package", "bundlePath": "Contents/Helpers/fast-browser",
      "exec": ["Contents/Helpers/node/bin/node", "Contents/Helpers/fast-browser/bin/fast-browser.mjs"],
      "exposeByDefault": true, "entitlements": "none", "status": "bundled", "kind": "helper" },
    { "name": "deck", "version": "", "license": "MIT", "url": "", "sha256": "",
      "archive": "raw", "extract": "", "bundlePath": "Contents/Helpers/deck", "exec": ["Contents/Helpers/deck"],
      "exposeByDefault": true, "entitlements": "jit", "status": "pending", "kind": "helper" },
    { "name": "board", "version": "", "license": "MIT", "url": "", "sha256": "",
      "archive": "raw", "extract": "", "bundlePath": "Contents/Helpers/board", "exec": ["Contents/Helpers/board"],
      "exposeByDefault": false, "entitlements": "jit", "status": "pending", "kind": "helper" },
    { "name": "gitq", "version": "0.2.1", "license": "MIT",
      "url": "https://github.com/m4ttstack/gitq/releases/download/v0.2.1/gitq-darwin-arm64",
      "sha256": "f3ecf6ba8bb51141e23cb818cd8a6aa36fdd60b304c8f0621902ee0a1fa228de",
      "archive": "raw", "extract": "", "bundlePath": "Contents/Helpers/gitq",
      "exec": ["Contents/Helpers/gitq"],
      "exposeByDefault": true, "entitlements": "jit", "status": "bundled", "kind": "helper" },
    { "name": "mattstack-proxy-install", "version": "", "license": "MIT", "url": "", "sha256": "",
      "archive": "raw", "extract": "", "bundlePath": "Contents/Helpers/mattstack-proxy-install", "exec": ["Contents/Helpers/mattstack-proxy-install"],
      "exposeByDefault": false, "entitlements": "none", "status": "pending", "kind": "helper" },
    { "name": "sparkle", "version": "2.9.6", "license": "MIT",
      "url": "https://github.com/sparkle-project/Sparkle/releases/download/2.9.6/Sparkle-2.9.6.tar.xz",
      "sha256": "52bf9e88cdd972fc0c81501377a880e90d47031bd8ca5462488f843e2609e192",
      "archive": "tar.xz", "extract": "", "bundlePath": "tools/sparkle", "exec": ["tools/sparkle/bin/generate_appcast"],
      "exposeByDefault": false, "entitlements": "none", "status": "bundled", "kind": "buildtool" }
  ]
}
